
Microsoft Visual Studio Solution File, Format Version 12.00
# Visual Studio 15
VisualStudioVersion = 15.0.27428.2011
MinimumVisualStudioVersion = 10.0.40219.1
Project("{FAE04EC0-301F-11D3-BF4B-00C04F79EFBC}") = "Screenshots", "ConsoleApp1\Screenshots.csproj", "{6C8C60B0-2653-4CD1-89EC-F2228E7EA7FD}"
EndProject
Global
	GlobalSection(SolutionConfigurationPlatforms) = preSolution
		Debug|Any CPU = Debug|Any CPU
		Release|Any CPU = Release|Any CPU
	EndGlobalSection
	GlobalSection(ProjectConfigurationPlatforms) = postSolution
		{6C8C60B0-2653-4CD1-89EC-F2228E7EA7FD}.Debug|Any CPU.ActiveCfg = Debug|Any CPU
		{6C8C60B0-2653-4CD1-89EC-F2228E7EA7FD}.Debug|Any CPU.Build.0 = Debug|Any CPU
		{6C8C60B0-2653-4CD1-89EC-F2228E7EA7FD}.Release|Any CPU.ActiveCfg = Release|Any CPU
		{6C8C60B0-2653-4CD1-89EC-F2228E7EA7FD}.Release|Any CPU.Build.0 = Release|Any CPU
	EndGlobalSection
	GlobalSection(SolutionProperties) = preSolution
		HideSolutionNode = FALSE
	EndGlobalSection
	GlobalSection(ExtensibilityGlobals) = postSolution
		SolutionGuid = {EB80D24B-5CA5-4201-9481-68BEB536CAA3}
	EndGlobalSection
EndGlobal
